
Microsoft Visual Studio Solution File, Format Version 12.00
# Visual Studio Version 17
VisualStudioVersion = 17.10.35027.167
MinimumVisualStudioVersion = 10.0.40219.1
Project("{FAE04EC0-301F-11D3-BF4B-00C04F79EFBC}") = "Biomarkt_App_WPF", "Biomarkt_App_WPF.csproj", "{EFC1FE7A-AA9D-4C56-B8BD-38B2281224CF}"
EndProject
Global
	GlobalSection(SolutionConfigurationPlatforms) = preSolution
		Debug|Any CPU = Debug|Any CPU
		Release|Any CPU = Release|Any CPU
	EndGlobalSection
	GlobalSection(ProjectConfigurationPlatforms) = postSolution
		{EFC1FE7A-AA9D-4C56-B8BD-38B2281224CF}.Debug|Any CPU.ActiveCfg = Debug|Any CPU
		{EFC1FE7A-AA9D-4C56-B8BD-38B2281224CF}.Debug|Any CPU.Build.0 = Debug|Any CPU
		{EFC1FE7A-AA9D-4C56-B8BD-38B2281224CF}.Release|Any CPU.ActiveCfg = Release|Any CPU
		{EFC1FE7A-AA9D-4C56-B8BD-38B2281224CF}.Release|Any CPU.Build.0 = Release|Any CPU
	EndGlobalSection
	GlobalSection(SolutionProperties) = preSolution
		HideSolutionNode = FALSE
	EndGlobalSection
	GlobalSection(ExtensibilityGlobals) = postSolution
		SolutionGuid = {2E47139B-ADAD-4C8A-B44B-2929EE213C63}
	EndGlobalSection
EndGlobal
